
Microsoft Visual Studio Solution File, Format Version 12.00
# Visual Studio Version 17
VisualStudioVersion = 17.1.32328.378
MinimumVisualStudioVersion = 10.0.40219.1
Project("{FAE04EC0-301F-11D3-BF4B-00C04F79EFBC}") = "ASPprojekt", "ASPprojekt\ASPprojekt.csproj", "{1657CA49-C034-4E3A-BDCF-E8B3C0570E5F}"
EndProject
Global
	GlobalSection(SolutionConfigurationPlatforms) = preSolution
		Debug|Any CPU = Debug|Any CPU
		Release|Any CPU = Release|Any CPU
	EndGlobalSection
	GlobalSection(ProjectConfigurationPlatforms) = postSolution
		{1657CA49-C034-4E3A-BDCF-E8B3C0570E5F}.Debug|Any CPU.ActiveCfg = Debug|Any CPU
		{1657CA49-C034-4E3A-BDCF-E8B3C0570E5F}.Debug|Any CPU.Build.0 = Debug|Any CPU
		{1657CA49-C034-4E3A-BDCF-E8B3C0570E5F}.Release|Any CPU.ActiveCfg = Release|Any CPU
		{1657CA49-C034-4E3A-BDCF-E8B3C0570E5F}.Release|Any CPU.Build.0 = Release|Any CPU
	EndGlobalSection
	GlobalSection(SolutionProperties) = preSolution
		HideSolutionNode = FALSE
	EndGlobalSection
	GlobalSection(ExtensibilityGlobals) = postSolution
		SolutionGuid = {9D1993D5-ADCF-4DD6-89D1-1FB26E2EDB83}
	EndGlobalSection
EndGlobal
